{
  "name": "jsyg-zoomandpan",
  "version": "1.1.1",
  "lockfileVersion": 2,
  "requires": true,
  "packages": {
    "": {
      "name": "jsyg-zoomandpan",
      "version": "1.1.1",
      "license": "MIT",
      "dependencies": {
        "jquery-mousewheel": "^3.1.13",
        "js-cookie": "^2.2.0",
        "jsyg": "^1.0.5",
        "jsyg-resizable": "^1.0.0"
      }
    },
    "node_modules/jquery": {
      "version": "3.5.1",
      "resolved": "https://registry.npmjs.org/jquery/-/jquery-3.5.1.tgz",
      "integrity": "sha512-XwIBPqcMn57FxfT+Go5pzySnm4KWkT1Tv7gjrpT1srtf8Weynl6R273VJ5GjkRb51IzMp5nbaPjJXMWeju2MKg=="
    },
    "node_modules/jquery-mousewheel": {
      "version": "3.1.13",
      "resolved": "https://registry.npmjs.org/jquery-mousewheel/-/jquery-mousewheel-3.1.13.tgz",
      "integrity": "sha1-BvAzXxbjU6aV5yBr9QUDy1I6buU="
    },
    "node_modules/js-cookie": {
      "version": "2.2.0",
      "resolved": "https://registry.npmjs.org/js-cookie/-/js-cookie-2.2.0.tgz",
      "integrity": "sha1-Gywnmm7s44ChIWi5JIUmWzWx7/s="
    },
    "node_modules/jsyg": {
      "version": "1.0.5",
      "resolved": "https://registry.npmjs.org/jsyg/-/jsyg-1.0.5.tgz",
      "integrity": "sha512-Khlog9Ugm5r3F3YBtJPO5DmmZB6bn8VTzIlx3cEiQP9SVK8xnVw/TBC61l2J7UCPtz2r1o6CVFdgjpC+BtXxvA==",
      "dependencies": {
        "jquery": "^3.3.1",
        "jsyg-events": "^1.0.0",
        "jsyg-matrix": "^1.0.0",
        "jsyg-point": "^1.0.1",
        "jsyg-stdconstruct": "^1.0.0",
        "jsyg-strutils": "^1.0.0",
        "jsyg-utils": "^1.0.4",
        "jsyg-vect": "^1.0.2",
        "jsyg-wrapper": "^1.0.0"
      }
    },
    "node_modules/jsyg-events": {
      "version": "1.0.0",
      "resolved": "https://registry.npmjs.org/jsyg-events/-/jsyg-events-1.0.0.tgz",
      "integrity": "sha512-ELIo54NR0tXPC8Va2Z9p+hqKzV5MYPeq7LYlOpc7fnGaSAIrAbqk7pKCXHSrZffuppFr3HXUxegOG3Dh7VHbtQ=="
    },
    "node_modules/jsyg-matrix": {
      "version": "1.0.0",
      "resolved": "https://registry.npmjs.org/jsyg-matrix/-/jsyg-matrix-1.0.0.tgz",
      "integrity": "sha512-NXMd8Ig+Bxx3B87BSUEGmBVjiIIvKeebdxvOtgKu0ZbjaqGcVw34CIONChx9rIM4PU/lzvjtiiCnPkMnNRbN6A==",
      "dependencies": {
        "jsyg-vect": "^1.0.2"
      }
    },
    "node_modules/jsyg-point": {
      "version": "1.0.1",
      "resolved": "https://registry.npmjs.org/jsyg-point/-/jsyg-point-1.0.1.tgz",
      "integrity": "sha512-YfJ4RvMdYUFHNCAK3Xo5iqdU48ZqxcVL6qtTfUvEvb62+01R6H7bTLERysY9abzrgAbs1cYkVfFw0w5n3TvAPQ=="
    },
    "node_modules/jsyg-resizable": {
      "version": "1.0.0",
      "resolved": "https://registry.npmjs.org/jsyg-resizable/-/jsyg-resizable-1.0.0.tgz",
      "integrity": "sha512-rUWZKPTmM4YAM1WD3Yw93Jo0lMtjoJVz9Ps5Mnug/ZOuvbm6jpivrsXuUHVwuRp3ITz1TYezhGuWGpkEsVU8iw==",
      "dependencies": {
        "jsyg": "^1.0.2"
      }
    },
    "node_modules/jsyg-stdconstruct": {
      "version": "1.0.0",
      "resolved": "https://registry.npmjs.org/jsyg-stdconstruct/-/jsyg-stdconstruct-1.0.0.tgz",
      "integrity": "sha512-ZWP/iuMD1wFAoK9b3ytHA59Z4m/yKvgufukA9L1cJsY2WS6bXZMa21RQ2kqvH6DVmFyWkX9TTlxcxh4ETsYa4g==",
      "dependencies": {
        "jsyg-events": "^1.0.0"
      }
    },
    "node_modules/jsyg-strutils": {
      "version": "1.0.0",
      "resolved": "https://registry.npmjs.org/jsyg-strutils/-/jsyg-strutils-1.0.0.tgz",
      "integrity": "sha512-E8nsSE7A05CrX4PXhBx+KuqxxKEWsuJJqPXTcFh4SexE665m+3lUwJ0d+OZYVEydkeN5BeruZO9tR2mTy4qAxg=="
    },
    "node_modules/jsyg-utils": {
      "version": "1.0.4",
      "resolved": "https://registry.npmjs.org/jsyg-utils/-/jsyg-utils-1.0.4.tgz",
      "integrity": "sha512-IB8Byw+JUGxVsS6vXyUSbKFx8A/Af/EiZXrTQYmuHDZRH+agZ2ImSE09Ajqjh8SnPKBYrn0+IbWbKZFdJzI/Qg==",
      "dependencies": {
        "jsyg-matrix": "^1.0.0",
        "jsyg-point": "^1.0.1",
        "jsyg-strutils": "^1.0.0",
        "jsyg-vect": "^1.0.2",
        "jsyg-wrapper": "^1.0.0"
      }
    },
    "node_modules/jsyg-vect": {
      "version": "1.0.2",
      "resolved": "https://registry.npmjs.org/jsyg-vect/-/jsyg-vect-1.0.2.tgz",
      "integrity": "sha512-RKu/e6d/HLF3svtekbwH2GbbSF6F4cfKkZquGNaevMk9s7oRoxl+K4N30c++zeyx/avJO9P0Ujiki54oHQR3+w==",
      "dependencies": {
        "jsyg-point": "^1.0.1"
      }
    },
    "node_modules/jsyg-wrapper": {
      "version": "1.0.0",
      "resolved": "https://registry.npmjs.org/jsyg-wrapper/-/jsyg-wrapper-1.0.0.tgz",
      "integrity": "sha512-ko2h4ks354VYiPWrcgjoFEZA1tJre/fUw8XLVXdW0H1OW1UAvFXRdeRdUzicVL4qao3NNBYoel1LNx5BHX/ltQ==",
      "dependencies": {
        "jquery": "^3.3.1"
      }
    }
  },
  "dependencies": {
    "jquery": {
      "version": "3.5.1",
      "resolved": "https://registry.npmjs.org/jquery/-/jquery-3.5.1.tgz",
      "integrity": "sha512-XwIBPqcMn57FxfT+Go5pzySnm4KWkT1Tv7gjrpT1srtf8Weynl6R273VJ5GjkRb51IzMp5nbaPjJXMWeju2MKg=="
    },
    "jquery-mousewheel": {
      "version": "3.1.13",
      "resolved": "https://registry.npmjs.org/jquery-mousewheel/-/jquery-mousewheel-3.1.13.tgz",
      "integrity": "sha1-BvAzXxbjU6aV5yBr9QUDy1I6buU="
    },
    "js-cookie": {
      "version": "2.2.0",
      "resolved": "https://registry.npmjs.org/js-cookie/-/js-cookie-2.2.0.tgz",
      "integrity": "sha1-Gywnmm7s44ChIWi5JIUmWzWx7/s="
    },
    "jsyg": {
      "version": "1.0.5",
      "resolved": "https://registry.npmjs.org/jsyg/-/jsyg-1.0.5.tgz",
      "integrity": "sha512-Khlog9Ugm5r3F3YBtJPO5DmmZB6bn8VTzIlx3cEiQP9SVK8xnVw/TBC61l2J7UCPtz2r1o6CVFdgjpC+BtXxvA==",
      "requires": {
        "jquery": "^3.3.1",
        "jsyg-events": "^1.0.0",
        "jsyg-matrix": "^1.0.0",
        "jsyg-point": "^1.0.1",
        "jsyg-stdconstruct": "^1.0.0",
        "jsyg-strutils": "^1.0.0",
        "jsyg-utils": "^1.0.4",
        "jsyg-vect": "^1.0.2",
        "jsyg-wrapper": "^1.0.0"
      }
    },
    "jsyg-events": {
      "version": "1.0.0",
      "resolved": "https://registry.npmjs.org/jsyg-events/-/jsyg-events-1.0.0.tgz",
      "integrity": "sha512-ELIo54NR0tXPC8Va2Z9p+hqKzV5MYPeq7LYlOpc7fnGaSAIrAbqk7pKCXHSrZffuppFr3HXUxegOG3Dh7VHbtQ=="
    },
    "jsyg-matrix": {
      "version": "1.0.0",
      "resolved": "https://registry.npmjs.org/jsyg-matrix/-/jsyg-matrix-1.0.0.tgz",
      "integrity": "sha512-NXMd8Ig+Bxx3B87BSUEGmBVjiIIvKeebdxvOtgKu0ZbjaqGcVw34CIONChx9rIM4PU/lzvjtiiCnPkMnNRbN6A==",
      "requires": {
        "jsyg-vect": "^1.0.2"
      }
    },
    "jsyg-point": {
      "version": "1.0.1",
      "resolved": "https://registry.npmjs.org/jsyg-point/-/jsyg-point-1.0.1.tgz",
      "integrity": "sha512-YfJ4RvMdYUFHNCAK3Xo5iqdU48ZqxcVL6qtTfUvEvb62+01R6H7bTLERysY9abzrgAbs1cYkVfFw0w5n3TvAPQ=="
    },
    "jsyg-resizable": {
      "version": "1.0.0",
      "resolved": "https://registry.npmjs.org/jsyg-resizable/-/jsyg-resizable-1.0.0.tgz",
      "integrity": "sha512-rUWZKPTmM4YAM1WD3Yw93Jo0lMtjoJVz9Ps5Mnug/ZOuvbm6jpivrsXuUHVwuRp3ITz1TYezhGuWGpkEsVU8iw==",
      "requires": {
        "jsyg": "^1.0.2"
      }
    },
    "jsyg-stdconstruct": {
      "version": "1.0.0",
      "resolved": "https://registry.npmjs.org/jsyg-stdconstruct/-/jsyg-stdconstruct-1.0.0.tgz",
      "integrity": "sha512-ZWP/iuMD1wFAoK9b3ytHA59Z4m/yKvgufukA9L1cJsY2WS6bXZMa21RQ2kqvH6DVmFyWkX9TTlxcxh4ETsYa4g==",
      "requires": {
        "jsyg-events": "^1.0.0"
      }
    },
    "jsyg-strutils": {
      "version": "1.0.0",
      "resolved": "https://registry.npmjs.org/jsyg-strutils/-/jsyg-strutils-1.0.0.tgz",
      "integrity": "sha512-E8nsSE7A05CrX4PXhBx+KuqxxKEWsuJJqPXTcFh4SexE665m+3lUwJ0d+OZYVEydkeN5BeruZO9tR2mTy4qAxg=="
    },
    "jsyg-utils": {
      "version": "1.0.4",
      "resolved": "https://registry.npmjs.org/jsyg-utils/-/jsyg-utils-1.0.4.tgz",
      "integrity": "sha512-IB8Byw+JUGxVsS6vXyUSbKFx8A/Af/EiZXrTQYmuHDZRH+agZ2ImSE09Ajqjh8SnPKBYrn0+IbWbKZFdJzI/Qg==",
      "requires": {
        "jsyg-matrix": "^1.0.0",
        "jsyg-point": "^1.0.1",
        "jsyg-strutils": "^1.0.0",
        "jsyg-vect": "^1.0.2",
        "jsyg-wrapper": "^1.0.0"
      }
    },
    "jsyg-vect": {
      "version": "1.0.2",
      "resolved": "https://registry.npmjs.org/jsyg-vect/-/jsyg-vect-1.0.2.tgz",
      "integrity": "sha512-RKu/e6d/HLF3svtekbwH2GbbSF6F4cfKkZquGNaevMk9s7oRoxl+K4N30c++zeyx/avJO9P0Ujiki54oHQR3+w==",
      "requires": {
        "jsyg-point": "^1.0.1"
      }
    },
    "jsyg-wrapper": {
      "version": "1.0.0",
      "resolved": "https://registry.npmjs.org/jsyg-wrapper/-/jsyg-wrapper-1.0.0.tgz",
      "integrity": "sha512-ko2h4ks354VYiPWrcgjoFEZA1tJre/fUw8XLVXdW0H1OW1UAvFXRdeRdUzicVL4qao3NNBYoel1LNx5BHX/ltQ==",
      "requires": {
        "jquery": "^3.3.1"
      }
    }
  }
}
